
Microsoft Visual Studio Solution File, Format Version 12.00
# Visual Studio Version 16
VisualStudioVersion = 16.0.29905.134
MinimumVisualStudioVersion = 10.0.40219.1
Project("{9A19103F-16F7-4668-BE54-9A1E7A4F7556}") = "GerenciadorJogosBasquete.Domain", "GerenciadorJogosBasquete.Domain\GerenciadorJogosBasquete.Domain.csproj", "{40E15EEA-70B5-4758-8838-8F62CE493BE2}"
EndProject
Project("{9A19103F-16F7-4668-BE54-9A1E7A4F7556}") = "GerenciadorJogosBasquete.Repository", "GerenciadorJogosBasquete.Repository\GerenciadorJogosBasquete.Repository.csproj", "{42B84867-A2C8-42E3-980B-765ADE7154FA}"
EndProject
Project("{2150E333-8FDC-42A3-9474-1A3956D46DE8}") = "01 - Api", "01 - Api", "{AE30E906-0F18-438D-857D-93E20B31D34E}"
EndProject
Project("{2150E333-8FDC-42A3-9474-1A3956D46DE8}") = "02 - Domain", "02 - Domain", "{69F163AF-4765-4E78-9108-E496247AF0A1}"
EndProject
Project("{2150E333-8FDC-42A3-9474-1A3956D46DE8}") = "03 - Repository", "03 - Repository", "{2848AC27-351C-460C-9FDE-B406B7F569D9}"
EndProject
Project("{9A19103F-16F7-4668-BE54-9A1E7A4F7556}") = "GerenciadorJogosBasquete.Api.Test", "GerenciadorJogosBasquete.Api.Test\GerenciadorJogosBasquete.Api.Test.csproj", "{C62D6223-D5C4-44F0-8009-54BF4459269E}"
EndProject
Project("{9A19103F-16F7-4668-BE54-9A1E7A4F7556}") = "GerenciadorJogosBasquete.Domain.Test", "GerenciadorJogosBasquete.Domain.Test\GerenciadorJogosBasquete.Domain.Test.csproj", "{2D131B5C-6DBD-4327-B530-15DEFCEF4CEA}"
EndProject
Project("{9A19103F-16F7-4668-BE54-9A1E7A4F7556}") = "GerenciadorJogosBasquete.Repository.Test", "GerenciadorJogosBasquete.Repository.Test\GerenciadorJogosBasquete.Repository.Test.csproj", "{C7292736-B3D4-4B5A-9A94-EBFA24901DEF}"
EndProject
Project("{9A19103F-16F7-4668-BE54-9A1E7A4F7556}") = "GerenciadorJogosBasquete.Api", "GerenciadorJogosBasquete.Api\GerenciadorJogosBasquete.Api.csproj", "{670B5CB1-58C2-4B96-9E01-ADD76CE7D24C}"
EndProject
Project("{2150E333-8FDC-42A3-9474-1A3956D46DE8}") = "04 - Comum", "04 - Comum", "{3C2876CD-E0C0-4493-B478-426C67531192}"
EndProject
Project("{FAE04EC0-301F-11D3-BF4B-00C04F79EFBC}") = "GerenciadorJogosBasquete.Comum", "GerenciadorJogosBasquete.Comum\GerenciadorJogosBasquete.Comum.csproj", "{64C04293-6791-4385-9D82-4C4B7F98487E}"
EndProject
Project("{FAE04EC0-301F-11D3-BF4B-00C04F79EFBC}") = "GerenciadorJogosBasquete.Comum.Test", "GerenciadorJogosBasquete.Comum.Test\GerenciadorJogosBasquete.Comum.Test.csproj", "{861C3184-7D93-4AC5-9B7F-24E05C3E90B4}"
EndProject
Global
	GlobalSection(SolutionConfigurationPlatforms) = preSolution
		Debug|Any CPU = Debug|Any CPU
		Release|Any CPU = Release|Any CPU
	EndGlobalSection
	GlobalSection(ProjectConfigurationPlatforms) = postSolution
		{40E15EEA-70B5-4758-8838-8F62CE493BE2}.Debug|Any CPU.ActiveCfg = Debug|Any CPU
		{40E15EEA-70B5-4758-8838-8F62CE493BE2}.Debug|Any CPU.Build.0 = Debug|Any CPU
		{40E15EEA-70B5-4758-8838-8F62CE493BE2}.Release|Any CPU.ActiveCfg = Release|Any CPU
		{40E15EEA-70B5-4758-8838-8F62CE493BE2}.Release|Any CPU.Build.0 = Release|Any CPU
		{42B84867-A2C8-42E3-980B-765ADE7154FA}.Debug|Any CPU.ActiveCfg = Debug|Any CPU
		{42B84867-A2C8-42E3-980B-765ADE7154FA}.Debug|Any CPU.Build.0 = Debug|Any CPU
		{42B84867-A2C8-42E3-980B-765ADE7154FA}.Release|Any CPU.ActiveCfg = Release|Any CPU
		{42B84867-A2C8-42E3-980B-765ADE7154FA}.Release|Any CPU.Build.0 = Release|Any CPU
		{C62D6223-D5C4-44F0-8009-54BF4459269E}.Debug|Any CPU.ActiveCfg = Debug|Any CPU
		{C62D6223-D5C4-44F0-8009-54BF4459269E}.Debug|Any CPU.Build.0 = Debug|Any CPU
		{C62D6223-D5C4-44F0-8009-54BF4459269E}.Release|Any CPU.ActiveCfg = Release|Any CPU
		{C62D6223-D5C4-44F0-8009-54BF4459269E}.Release|Any CPU.Build.0 = Release|Any CPU
		{2D131B5C-6DBD-4327-B530-15DEFCEF4CEA}.Debug|Any CPU.ActiveCfg = Debug|Any CPU
		{2D131B5C-6DBD-4327-B530-15DEFCEF4CEA}.Debug|Any CPU.Build.0 = Debug|Any CPU
		{2D131B5C-6DBD-4327-B530-15DEFCEF4CEA}.Release|Any CPU.ActiveCfg = Release|Any CPU
		{2D131B5C-6DBD-4327-B530-15DEFCEF4CEA}.Release|Any CPU.Build.0 = Release|Any CPU
		{C7292736-B3D4-4B5A-9A94-EBFA24901DEF}.Debug|Any CPU.ActiveCfg = Debug|Any CPU
		{C7292736-B3D4-4B5A-9A94-EBFA24901DEF}.Debug|Any CPU.Build.0 = Debug|Any CPU
		{C7292736-B3D4-4B5A-9A94-EBFA24901DEF}.Release|Any CPU.ActiveCfg = Release|Any CPU
		{C7292736-B3D4-4B5A-9A94-EBFA24901DEF}.Release|Any CPU.Build.0 = Release|Any CPU
		{670B5CB1-58C2-4B96-9E01-ADD76CE7D24C}.Debug|Any CPU.ActiveCfg = Debug|Any CPU
		{670B5CB1-58C2-4B96-9E01-ADD76CE7D24C}.Debug|Any CPU.Build.0 = Debug|Any CPU
		{670B5CB1-58C2-4B96-9E01-ADD76CE7D24C}.Release|Any CPU.ActiveCfg = Release|Any CPU
		{670B5CB1-58C2-4B96-9E01-ADD76CE7D24C}.Release|Any CPU.Build.0 = Release|Any CPU
		{64C04293-6791-4385-9D82-4C4B7F98487E}.Debug|Any CPU.ActiveCfg = Debug|Any CPU
		{64C04293-6791-4385-9D82-4C4B7F98487E}.Debug|Any CPU.Build.0 = Debug|Any CPU
		{64C04293-6791-4385-9D82-4C4B7F98487E}.Release|Any CPU.ActiveCfg = Release|Any CPU
		{64C04293-6791-4385-9D82-4C4B7F98487E}.Release|Any CPU.Build.0 = Release|Any CPU
		{861C3184-7D93-4AC5-9B7F-24E05C3E90B4}.Debug|Any CPU.ActiveCfg = Debug|Any CPU
		{861C3184-7D93-4AC5-9B7F-24E05C3E90B4}.Debug|Any CPU.Build.0 = Debug|Any CPU
		{861C3184-7D93-4AC5-9B7F-24E05C3E90B4}.Release|Any CPU.ActiveCfg = Release|Any CPU
		{861C3184-7D93-4AC5-9B7F-24E05C3E90B4}.Release|Any CPU.Build.0 = Release|Any CPU
	EndGlobalSection
	GlobalSection(SolutionProperties) = preSolution
		HideSolutionNode = FALSE
	EndGlobalSection
	GlobalSection(NestedProjects) = preSolution
		{40E15EEA-70B5-4758-8838-8F62CE493BE2} = {69F163AF-4765-4E78-9108-E496247AF0A1}
		{42B84867-A2C8-42E3-980B-765ADE7154FA} = {2848AC27-351C-460C-9FDE-B406B7F569D9}
		{C62D6223-D5C4-44F0-8009-54BF4459269E} = {AE30E906-0F18-438D-857D-93E20B31D34E}
		{2D131B5C-6DBD-4327-B530-15DEFCEF4CEA} = {69F163AF-4765-4E78-9108-E496247AF0A1}
		{C7292736-B3D4-4B5A-9A94-EBFA24901DEF} = {2848AC27-351C-460C-9FDE-B406B7F569D9}
		{670B5CB1-58C2-4B96-9E01-ADD76CE7D24C} = {AE30E906-0F18-438D-857D-93E20B31D34E}
		{64C04293-6791-4385-9D82-4C4B7F98487E} = {3C2876CD-E0C0-4493-B478-426C67531192}
		{861C3184-7D93-4AC5-9B7F-24E05C3E90B4} = {3C2876CD-E0C0-4493-B478-426C67531192}
	EndGlobalSection
	GlobalSection(ExtensibilityGlobals) = postSolution
		SolutionGuid = {6C3F3C2A-EF51-4D96-9463-4AB387819476}
	EndGlobalSection
EndGlobal
